
Microsoft Visual Studio Solution File, Format Version 12.00
# Visual Studio Version 16
VisualStudioVersion = 16.0.31613.86
MinimumVisualStudioVersion = 10.0.40219.1
Project("{FAE04EC0-301F-11D3-BF4B-00C04F79EFBC}") = "KatyDevBlog", "KatyDevBlog\KatyDevBlog.csproj", "{1ABBA2E2-B742-4D5F-BD3E-23AA6EE3A2A3}"
EndProject
Global
	GlobalSection(SolutionConfigurationPlatforms) = preSolution
		Debug|Any CPU = Debug|Any CPU
		Release|Any CPU = Release|Any CPU
	EndGlobalSection
	GlobalSection(ProjectConfigurationPlatforms) = postSolution
		{1ABBA2E2-B742-4D5F-BD3E-23AA6EE3A2A3}.Debug|Any CPU.ActiveCfg = Debug|Any CPU
		{1ABBA2E2-B742-4D5F-BD3E-23AA6EE3A2A3}.Debug|Any CPU.Build.0 = Debug|Any CPU
		{1ABBA2E2-B742-4D5F-BD3E-23AA6EE3A2A3}.Release|Any CPU.ActiveCfg = Release|Any CPU
		{1ABBA2E2-B742-4D5F-BD3E-23AA6EE3A2A3}.Release|Any CPU.Build.0 = Release|Any CPU
	EndGlobalSection
	GlobalSection(SolutionProperties) = preSolution
		HideSolutionNode = FALSE
	EndGlobalSection
	GlobalSection(ExtensibilityGlobals) = postSolution
		SolutionGuid = {4A6D200A-9F64-4277-AC7A-02D16F79B368}
	EndGlobalSection
EndGlobal
